{
  "version": 4,
  "terraform_version": "0.12.24",
  "serial": 3,
  "lineage": "bea05404-1037-c14a-d6a2-7b407b617eec",
  "outputs": {
    "cluster-location": {
      "value": "us-central1-a",
      "type": "string"
    },
    "cluster-name": {
      "value": "events-feed-cluster",
      "type": "string"
    }
  },
  "resources": [
    {
      "mode": "data",
      "type": "google_client_config",
      "name": "default",
      "provider": "provider.google",
      "instances": [
        {
          "schema_version": 0,
          "attributes": {
            "access_token": "ya29.a0AfH6SMA5ymOvh0uUhB4ONpFouh64mjFh7F_aTEn7b2q5QYoBkLAlLheca0HYkltPhGq8NuEl8lRb6e8IvfH7OClI5RhUodmie-Ld_2VhTX46_mejUdZfVHSjNbMk-obx2GWMlno9hMOZgAxJqmY_KGjwUqjGCKTolNjH9ZemTVkksofIonFEFv3rfCuHdkp4spsw0nHBtkKCnC0r8RiLuLrjYp4fkV7yq6J9dPZBVuHCaSkJSSa8kS9UJch_5t8Qt-_vv3Nqxvk3kQ",
            "id": "2020-07-17 07:29:27.178833746 +0000 UTC",
            "project": "strategic-guru-280413",
            "region": "us-central1",
            "zone": "us-central1-a"
          }
        }
      ]
    },
    {
      "mode": "managed",
      "type": "google_container_cluster",
      "name": "gke-cluster",
      "provider": "provider.google",
      "instances": [
        {
          "schema_version": 1,
          "attributes": {
            "additional_zones": [],
            "addons_config": [
              {
                "cloudrun_config": [],
                "horizontal_pod_autoscaling": [],
                "http_load_balancing": [],
                "kubernetes_dashboard": [],
                "network_policy_config": [
                  {
                    "disabled": true
                  }
                ]
              }
            ],
            "authenticator_groups_config": [],
            "cluster_autoscaling": [
              {
                "auto_provisioning_defaults": [],
                "enabled": false,
                "resource_limits": []
              }
            ],
            "cluster_ipv4_cidr": "10.44.0.0/14",
            "database_encryption": [
              {
                "key_name": "",
                "state": "DECRYPTED"
              }
            ],
            "default_max_pods_per_node": null,
            "description": "",
            "enable_binary_authorization": false,
            "enable_intranode_visibility": null,
            "enable_kubernetes_alpha": false,
            "enable_legacy_abac": false,
            "enable_shielded_nodes": false,
            "enable_tpu": null,
            "endpoint": "34.68.152.43",
            "id": "projects/strategic-guru-280413/locations/us-central1-a/clusters/events-feed-cluster",
            "initial_node_count": 1,
            "instance_group_urls": [
              "https://www.googleapis.com/compute/v1/projects/strategic-guru-280413/zones/us-central1-a/instanceGroups/gke-events-feed-cluster-default-pool-e184a486-grp"
            ],
            "ip_allocation_policy": [],
            "label_fingerprint": "a9dc16a7",
            "location": "us-central1-a",
            "logging_service": "logging.googleapis.com/kubernetes",
            "maintenance_policy": [],
            "master_auth": [
              {
                "client_certificate": "",
                "client_certificate_config": [
                  {
                    "issue_client_certificate": false
                  }
                ],
                "client_key": "",
                "cluster_ca_certificate": "LS0tLS1CRUdJTiBDRVJUSUZJQ0FURS0tLS0tCk1JSURDekNDQWZPZ0F3SUJBZ0lRSThzaEtnaTVrbXFSTE9DTVpSS0JMekFOQmdrcWhraUc5dzBCQVFzRkFEQXYKTVMwd0t3WURWUVFERXlRM1pHTTJaRFk0WVMxak1qVmpMVFJpWm1FdE9URXpaUzAwTlRrME1UWmhaRGt4T1RZdwpIaGNOTWpBd056RTNNRFl5T1RJNFdoY05NalV3TnpFMk1EY3lPVEk0V2pBdk1TMHdLd1lEVlFRREV5UTNaR00yClpEWTRZUzFqTWpWakxUUmlabUV0T1RFelpTMDBOVGswTVRaaFpEa3hPVFl3Z2dFaU1BMEdDU3FHU0liM0RRRUIKQVFVQUE0SUJEd0F3Z2dFS0FvSUJBUUN3aExjL1l1YU4vc0MxYjA5eWNXQmJkU2NjNXlpOGFSZ2dkMU9qa0p5bQovYlMyUWc3RHdna0MwdDZ1OWpRallOWEd6Wm43QXdUejV2Rk1PTFI3ZW5SOXB2cVpTTzIvSm1VaTFVYy84YXJLClIyazFiM21oamtSQWNZTzBZWFJNQVowanB4N1VoUStkTlFKZGZZMTRNYnFOa0pRaWdXNE9Jc1BmWVdkREZPOTgKZzRGbEw2N1R3R1BZOHZpbEtxTnRHby9hOG03TzZ1MHdoNnBxSUl5WFdmUy9GcUpadjBNWlRkLzF4RFpLbmhWMwpobUpDZkFmZE8rZE1hYTBXdlFRUTYvWVgwU2FtMlZzY0JiZnpsRWVPZ3F6eGFwQjNLME5KVzhIdXZhV1BFNm92Cm1hZkFER1ZTcGtFUDY0S2JjcjF0bWNrWHJvOHpoMzBGZUlKa1BQc3BtSE5QQWdNQkFBR2pJekFoTUE0R0ExVWQKRHdFQi93UUVBd0lDQkRBUEJnTlZIUk1CQWY4RUJUQURBUUgvTUEwR0NTcUdTSWIzRFFFQkN3VUFBNElCQVFDcQpnUSt2d2xVNUVWQnpRNjlaMDkvNDJQNjd5TWFPS1JNRTNoREdEYmNRK3ZocEdXd2FwWTlaajhpTnpMck1CSi9zClJYcTRNdHlZM1pjQWx4VHE4T0I4SlI2bWRJTy84VnducUh0eEQ2TU9yMkJ0eUN3SVB6QkVBRDVhNGF0OEZocWwKRW1JN1JuaU1RT0hoaDBnT2VwVDExbGZqQnF0SlduWW5UNk1sUGR0b3lHZ09seDF1Z0ZKeXpGeVU0NitWZG1HbAptVC9NaWJVS0dQZVVyTWpCNkc4ejA4ZjllSFNscEdKZXRsb2lSeEZNb1NXaU1SMW5MbHZPcm1FWFAwNGFnTUkvClF0UjIrOUF3MlJ3blIvZmlEaTBtVFpIa09JVVVXWTNJZCtKdktDUEpDeEhZd2dBSFlQUmhUMDF4aWlnU3FxdUUKWEN0VktSTkxPWkp1Q2wrWHZCWkQKLS0tLS1FTkQgQ0VSVElGSUNBVEUtLS0tLQo=",
                "password": "",
                "username": ""
              }
            ],
            "master_authorized_networks_config": [],
            "master_version": "1.14.10-gke.36",
            "min_master_version": null,
            "monitoring_service": "monitoring.googleapis.com/kubernetes",
            "name": "events-feed-cluster",
            "network": "projects/strategic-guru-280413/global/networks/default",
            "network_policy": [
              {
                "enabled": false,
                "provider": "PROVIDER_UNSPECIFIED"
              }
            ],
            "node_config": [
              {
                "disk_size_gb": 100,
                "disk_type": "pd-standard",
                "guest_accelerator": [],
                "image_type": "COS",
                "labels": {},
                "local_ssd_count": 0,
                "machine_type": "n1-standard-1",
                "metadata": {
                  "disable-legacy-endpoints": "true"
                },
                "min_cpu_platform": "",
                "oauth_scopes": [
                  "https://www.googleapis.com/auth/cloud-platform"
                ],
                "preemptible": true,
                "sandbox_config": [],
                "service_account": "default",
                "shielded_instance_config": [
                  {
                    "enable_integrity_monitoring": true,
                    "enable_secure_boot": false
                  }
                ],
                "tags": null,
                "taint": [],
                "workload_metadata_config": []
              }
            ],
            "node_locations": [],
            "node_pool": [
              {
                "autoscaling": [],
                "initial_node_count": 1,
                "instance_group_urls": [
                  "https://www.googleapis.com/compute/v1/projects/strategic-guru-280413/zones/us-central1-a/instanceGroupManagers/gke-events-feed-cluster-default-pool-e184a486-grp"
                ],
                "management": [
                  {
                    "auto_repair": true,
                    "auto_upgrade": true
                  }
                ],
                "max_pods_per_node": 0,
                "name": "default-pool",
                "name_prefix": "",
                "node_config": [
                  {
                    "disk_size_gb": 100,
                    "disk_type": "pd-standard",
                    "guest_accelerator": [],
                    "image_type": "COS",
                    "labels": {},
                    "local_ssd_count": 0,
                    "machine_type": "n1-standard-1",
                    "metadata": {
                      "disable-legacy-endpoints": "true"
                    },
                    "min_cpu_platform": "",
                    "oauth_scopes": [
                      "https://www.googleapis.com/auth/cloud-platform"
                    ],
                    "preemptible": true,
                    "sandbox_config": [],
                    "service_account": "default",
                    "shielded_instance_config": [
                      {
                        "enable_integrity_monitoring": true,
                        "enable_secure_boot": false
                      }
                    ],
                    "tags": [],
                    "taint": [],
                    "workload_metadata_config": []
                  }
                ],
                "node_count": 1,
                "node_locations": [
                  "us-central1-a"
                ],
                "upgrade_settings": [
                  {
                    "max_surge": 1,
                    "max_unavailable": 0
                  }
                ],
                "version": "1.14.10-gke.36"
              }
            ],
            "node_version": "1.14.10-gke.36",
            "operation": null,
            "pod_security_policy_config": null,
            "private_cluster_config": [],
            "project": "strategic-guru-280413",
            "region": null,
            "remove_default_node_pool": null,
            "resource_labels": null,
            "resource_usage_export_config": [],
            "services_ipv4_cidr": "10.47.240.0/20",
            "subnetwork": "projects/strategic-guru-280413/regions/us-central1/subnetworks/default",
            "timeouts": null,
            "vertical_pod_autoscaling": [],
            "workload_identity_config": [],
            "zone": null
          },
          "private": "eyJlMmJmYjczMC1lY2FhLTExZTYtOGY4OC0zNDM2M2JjN2M0YzAiOnsiY3JlYXRlIjoyNDAwMDAwMDAwMDAwLCJkZWxldGUiOjI0MDAwMDAwMDAwMDAsInJlYWQiOjI0MDAwMDAwMDAwMDAsInVwZGF0ZSI6MzYwMDAwMDAwMDAwMH0sInNjaGVtYV92ZXJzaW9uIjoiMSJ9"
        }
      ]
    }
  ]
}
